
Microsoft Visual Studio Solution File, Format Version 12.00
# Visual Studio Version 16
VisualStudioVersion = 16.0.29102.190
MinimumVisualStudioVersion = 10.0.40219.1
Project("{FAE04EC0-301F-11D3-BF4B-00C04F79EFBC}") = "BetterClearTypeTuner", "BetterClearTypeTuner\BetterClearTypeTuner.csproj", "{9EDEF66B-9C37-4088-BB6C-83FB1B3FB2A0}"
EndProject
Global
	GlobalSection(SolutionConfigurationPlatforms) = preSolution
		Debug|Any CPU = Debug|Any CPU
		Release|Any CPU = Release|Any CPU
	EndGlobalSection
	GlobalSection(ProjectConfigurationPlatforms) = postSolution
		{9EDEF66B-9C37-4088-BB6C-83FB1B3FB2A0}.Debug|Any CPU.ActiveCfg = Debug|Any CPU
		{9EDEF66B-9C37-4088-BB6C-83FB1B3FB2A0}.Debug|Any CPU.Build.0 = Debug|Any CPU
		{9EDEF66B-9C37-4088-BB6C-83FB1B3FB2A0}.Release|Any CPU.ActiveCfg = Release|Any CPU
		{9EDEF66B-9C37-4088-BB6C-83FB1B3FB2A0}.Release|Any CPU.Build.0 = Release|Any CPU
	EndGlobalSection
	GlobalSection(SolutionProperties) = preSolution
		HideSolutionNode = FALSE
	EndGlobalSection
	GlobalSection(ExtensibilityGlobals) = postSolution
		SolutionGuid = {F2AFEEAE-4029-4BF5-95C6-ACD36046488D}
	EndGlobalSection
EndGlobal
